
Microsoft Visual Studio Solution File, Format Version 12.00
# Visual Studio Version 16
VisualStudioVersion = 16.0.29306.81
MinimumVisualStudioVersion = 10.0.40219.1
Project("{9A19103F-16F7-4668-BE54-9A1E7A4F7556}") = "BridgePattern.ConceptualExample", "BridgePattern\BridgePattern.ConceptualExample.csproj", "{BBFB1269-7D47-4584-8D2F-7616BE06AC8E}"
EndProject
Project("{FAE04EC0-301F-11D3-BF4B-00C04F79EFBC}") = "BridgePattern.ChristoferOkhravi", "BridgePattern.ChristoferOkhravi\BridgePattern.ChristoferOkhravi.csproj", "{D62BB8E3-907A-473F-A2B3-01E3AD2C088C}"
EndProject
Project("{FAE04EC0-301F-11D3-BF4B-00C04F79EFBC}") = "BridgePattern.KudvenkatYoutube", "BridgePattern.KudvenkatYoutube\BridgePattern.KudvenkatYoutube.csproj", "{F35B54AF-0862-41D6-91B6-93BE361ADEF9}"
EndProject
Global
	GlobalSection(SolutionConfigurationPlatforms) = preSolution
		Debug|Any CPU = Debug|Any CPU
		Release|Any CPU = Release|Any CPU
	EndGlobalSection
	GlobalSection(ProjectConfigurationPlatforms) = postSolution
		{BBFB1269-7D47-4584-8D2F-7616BE06AC8E}.Debug|Any CPU.ActiveCfg = Debug|Any CPU
		{BBFB1269-7D47-4584-8D2F-7616BE06AC8E}.Debug|Any CPU.Build.0 = Debug|Any CPU
		{BBFB1269-7D47-4584-8D2F-7616BE06AC8E}.Release|Any CPU.ActiveCfg = Release|Any CPU
		{BBFB1269-7D47-4584-8D2F-7616BE06AC8E}.Release|Any CPU.Build.0 = Release|Any CPU
		{D62BB8E3-907A-473F-A2B3-01E3AD2C088C}.Debug|Any CPU.ActiveCfg = Debug|Any CPU
		{D62BB8E3-907A-473F-A2B3-01E3AD2C088C}.Debug|Any CPU.Build.0 = Debug|Any CPU
		{D62BB8E3-907A-473F-A2B3-01E3AD2C088C}.Release|Any CPU.ActiveCfg = Release|Any CPU
		{D62BB8E3-907A-473F-A2B3-01E3AD2C088C}.Release|Any CPU.Build.0 = Release|Any CPU
		{F35B54AF-0862-41D6-91B6-93BE361ADEF9}.Debug|Any CPU.ActiveCfg = Debug|Any CPU
		{F35B54AF-0862-41D6-91B6-93BE361ADEF9}.Debug|Any CPU.Build.0 = Debug|Any CPU
		{F35B54AF-0862-41D6-91B6-93BE361ADEF9}.Release|Any CPU.ActiveCfg = Release|Any CPU
		{F35B54AF-0862-41D6-91B6-93BE361ADEF9}.Release|Any CPU.Build.0 = Release|Any CPU
	EndGlobalSection
	GlobalSection(SolutionProperties) = preSolution
		HideSolutionNode = FALSE
	EndGlobalSection
	GlobalSection(ExtensibilityGlobals) = postSolution
		SolutionGuid = {D3B949D8-5DF9-41FC-89E9-134CB2C40EFD}
	EndGlobalSection
EndGlobal
